{
  "originHash" : "b300d861c3288cf8f4b90ebf31478d31b3a8844db405b18c0a8337c7341f1709",
  "pins" : [
    {
      "identity" : "zlswipeableviewswift",
      "kind" : "remoteSourceControl",
      "location" : "https://github.com/zhxnlai/ZLSwipeableViewSwift.git",
      "state" : {
        "branch" : "master",
        "revision" : "4e694c883dec91f858eb5a2af5fd9ada3d2e47dc"
      }
    }
  ],
  "version" : 3
}
